
Microsoft Visual Studio Solution File, Format Version 12.00
Project("{FAE04EC0-301F-11D3-BF4B-00C04F79EFBC}") = "MaillApp", "MaillApp\MaillApp.csproj", "{1DA9CC97-DED4-414C-BFE4-9179233D396C}"
EndProject
Global
	GlobalSection(SolutionConfigurationPlatforms) = preSolution
		Debug|Any CPU = Debug|Any CPU
		Release|Any CPU = Release|Any CPU
	EndGlobalSection
	GlobalSection(ProjectConfigurationPlatforms) = postSolution
		{1DA9CC97-DED4-414C-BFE4-9179233D396C}.Debug|Any CPU.ActiveCfg = Debug|Any CPU
		{1DA9CC97-DED4-414C-BFE4-9179233D396C}.Debug|Any CPU.Build.0 = Debug|Any CPU
		{1DA9CC97-DED4-414C-BFE4-9179233D396C}.Release|Any CPU.ActiveCfg = Release|Any CPU
		{1DA9CC97-DED4-414C-BFE4-9179233D396C}.Release|Any CPU.Build.0 = Release|Any CPU
	EndGlobalSection
EndGlobal
